
Microsoft Visual Studio Solution File, Format Version 12.00
# Visual Studio 15
VisualStudioVersion = 15.0.27428.2037
MinimumVisualStudioVersion = 10.0.40219.1
Project("{FAE04EC0-301F-11D3-BF4B-00C04F79EFBC}") = "CodeFirstNewDatabaseExample", "CodeFirstNewDatabaseExample\CodeFirstNewDatabaseExample.csproj", "{10533428-1C53-4742-A140-F5D80541AFD4}"
EndProject
Global
	GlobalSection(SolutionConfigurationPlatforms) = preSolution
		Debug|Any CPU = Debug|Any CPU
		Release|Any CPU = Release|Any CPU
	EndGlobalSection
	GlobalSection(ProjectConfigurationPlatforms) = postSolution
		{10533428-1C53-4742-A140-F5D80541AFD4}.Debug|Any CPU.ActiveCfg = Debug|Any CPU
		{10533428-1C53-4742-A140-F5D80541AFD4}.Debug|Any CPU.Build.0 = Debug|Any CPU
		{10533428-1C53-4742-A140-F5D80541AFD4}.Release|Any CPU.ActiveCfg = Release|Any CPU
		{10533428-1C53-4742-A140-F5D80541AFD4}.Release|Any CPU.Build.0 = Release|Any CPU
	EndGlobalSection
	GlobalSection(SolutionProperties) = preSolution
		HideSolutionNode = FALSE
	EndGlobalSection
	GlobalSection(ExtensibilityGlobals) = postSolution
		SolutionGuid = {D4A01A4B-D129-43BD-A335-E4CC92A8BCB3}
	EndGlobalSection
EndGlobal
